// !$*UTF8*$!
{
	archiveVersion = 1;
	classes = {
	};
	objectVersion = 55;
	objects = {

/* Begin PBXBuildFile section */
		389A8F5F27C953CE00F98C1D /* AppDelegate.swift in Sources */ = {isa = PBXBuildFile; fileRef = 389A8F5E27C953CE00F98C1D /* AppDelegate.swift */; };
		389A8F6127C953CE00F98C1D /* SceneDelegate.swift in Sources */ = {isa = PBXBuildFile; fileRef = 389A8F6027C953CE00F98C1D /* SceneDelegate.swift */; };
		389A8F6327C953CE00F98C1D /* UsersViewController.swift in Sources */ = {isa = PBXBuildFile; fileRef = 389A8F6227C953CE00F98C1D /* UsersViewController.swift */; };
		389A8F6627C953CE00F98C1D /* Main.storyboard in Resources */ = {isa = PBXBuildFile; fileRef = 389A8F6427C953CE00F98C1D /* Main.storyboard */; };
		389A8F6827C953D000F98C1D /* Assets.xcassets in Resources */ = {isa = PBXBuildFile; fileRef = 389A8F6727C953D000F98C1D /* Assets.xcassets */; };
		389A8F6B27C953D000F98C1D /* LaunchScreen.storyboard in Resources */ = {isa = PBXBuildFile; fileRef = 389A8F6927C953D000F98C1D /* LaunchScreen.storyboard */; };
		389A8F7827C9550D00F98C1D /* Presenter.swift in Sources */ = {isa = PBXBuildFile; fileRef = 389A8F7727C9550D00F98C1D /* Presenter.swift */; };
		389A8F7A27C955F700F98C1D /* User.swift in Sources */ = {isa = PBXBuildFile; fileRef = 389A8F7927C955F700F98C1D /* User.swift */; };
/* End PBXBuildFile section */

/* Begin PBXFileReference section */
		389A8F5B27C953CE00F98C1D /* MVPDesignPattern.app */ = {isa = PBXFileReference; explicitFileType = wrapper.application; includeInIndex = 0; path = MVPDesignPattern.app; sourceTree = BUILT_PRODUCTS_DIR; };
		389A8F5E27C953CE00F98C1D /* AppDelegate.swift */ = {isa = PBXFileReference; lastKnownFileType = sourcecode.swift; path = AppDelegate.swift; sourceTree = "<group>"; };
		389A8F6027C953CE00F98C1D /* SceneDelegate.swift */ = {isa = PBXFileReference; lastKnownFileType = sourcecode.swift; path = SceneDelegate.swift; sourceTree = "<group>"; };
		389A8F6227C953CE00F98C1D /* UsersViewController.swift */ = {isa = PBXFileReference; lastKnownFileType = sourcecode.swift; path = UsersViewController.swift; sourceTree = "<group>"; };
		389A8F6527C953CE00F98C1D /* Base */ = {isa = PBXFileReference; lastKnownFileType = file.storyboard; name = Base; path = Base.lproj/Main.storyboard; sourceTree = "<group>"; };
		389A8F6727C953D000F98C1D /* Assets.xcassets */ = {isa = PBXFileReference; lastKnownFileType = folder.assetcatalog; path = Assets.xcassets; sourceTree = "<group>"; };
		389A8F6A27C953D000F98C1D /* Base */ = {isa = PBXFileReference; lastKnownFileType = file.storyboard; name = Base; path = Base.lproj/LaunchScreen.storyboard; sourceTree = "<group>"; };
		389A8F6C27C953D000F98C1D /* Info.plist */ = {isa = PBXFileReference; lastKnownFileType = text.plist.xml; path = Info.plist; sourceTree = "<group>"; };
		389A8F7727C9550D00F98C1D /* Presenter.swift */ = {isa = PBXFileReference; lastKnownFileType = sourcecode.swift; path = Presenter.swift; sourceTree = "<group>"; };
		389A8F7927C955F700F98C1D /* User.swift */ = {isa = PBXFileReference; lastKnownFileType = sourcecode.swift; path = User.swift; sourceTree = "<group>"; };
/* End PBXFileReference section */

/* Begin PBXFrameworksBuildPhase section */
		389A8F5827C953CE00F98C1D /* Frameworks */ = {
			isa = PBXFrameworksBuildPhase;
			buildActionMask = 2147483647;
			files = (
			);
			runOnlyForDeploymentPostprocessing = 0;
		};
/* End PBXFrameworksBuildPhase section */

/* Begin PBXGroup section */
		389A8F5227C953CE00F98C1D = {
			isa = PBXGroup;
			children = (
				389A8F5D27C953CE00F98C1D /* MVPDesignPattern */,
				389A8F5C27C953CE00F98C1D /* Products */,
			);
			sourceTree = "<group>";
		};
		389A8F5C27C953CE00F98C1D /* Products */ = {
			isa = PBXGroup;
			children = (
				389A8F5B27C953CE00F98C1D /* MVPDesignPattern.app */,
			);
			name = Products;
			sourceTree = "<group>";
		};
		389A8F5D27C953CE00F98C1D /* MVPDesignPattern */ = {
			isa = PBXGroup;
			children = (
				389A8F7227C954A100F98C1D /* MVP */,
				389A8F5E27C953CE00F98C1D /* AppDelegate.swift */,
				389A8F6027C953CE00F98C1D /* SceneDelegate.swift */,
				389A8F6427C953CE00F98C1D /* Main.storyboard */,
				389A8F6727C953D000F98C1D /* Assets.xcassets */,
				389A8F6927C953D000F98C1D /* LaunchScreen.storyboard */,
				389A8F6C27C953D000F98C1D /* Info.plist */,
			);
			path = MVPDesignPattern;
			sourceTree = "<group>";
		};
		389A8F7227C954A100F98C1D /* MVP */ = {
			isa = PBXGroup;
			children = (
				389A8F7627C954DD00F98C1D /* Presenter */,
				389A8F7427C954B300F98C1D /* View */,
				389A8F7327C954A700F98C1D /* Model */,
			);
			path = MVP;
			sourceTree = "<group>";
		};
		389A8F7327C954A700F98C1D /* Model */ = {
			isa = PBXGroup;
			children = (
				389A8F7927C955F700F98C1D /* User.swift */,
			);
			path = Model;
			sourceTree = "<group>";
		};
		389A8F7427C954B300F98C1D /* View */ = {
			isa = PBXGroup;
			children = (
				389A8F6227C953CE00F98C1D /* UsersViewController.swift */,
			);
			path = View;
			sourceTree = "<group>";
		};
		389A8F7627C954DD00F98C1D /* Presenter */ = {
			isa = PBXGroup;
			children = (
				389A8F7727C9550D00F98C1D /* Presenter.swift */,
			);
			path = Presenter;
			sourceTree = "<group>";
		};
/* End PBXGroup section */

/* Begin PBXNativeTarget section */
		389A8F5A27C953CE00F98C1D /* MVPDesignPattern */ = {
			isa = PBXNativeTarget;
			buildConfigurationList = 389A8F6F27C953D000F98C1D /* Build configuration list for PBXNativeTarget "MVPDesignPattern" */;
			buildPhases = (
				389A8F5727C953CE00F98C1D /* Sources */,
				389A8F5827C953CE00F98C1D /* Frameworks */,
				389A8F5927C953CE00F98C1D /* Resources */,
			);
			buildRules = (
			);
			dependencies = (
			);
			name = MVPDesignPattern;
			productName = MVPDesignPattern;
			productReference = 389A8F5B27C953CE00F98C1D /* MVPDesignPattern.app */;
			productType = "com.apple.product-type.application";
		};
/* End PBXNativeTarget section */

/* Begin PBXProject section */
		389A8F5327C953CE00F98C1D /* Project object */ = {
			isa = PBXProject;
			attributes = {
				BuildIndependentTargetsInParallel = 1;
				LastSwiftUpdateCheck = 1310;
				LastUpgradeCheck = 1310;
				TargetAttributes = {
					389A8F5A27C953CE00F98C1D = {
						CreatedOnToolsVersion = 13.1;
					};
				};
			};
			buildConfigurationList = 389A8F5627C953CE00F98C1D /* Build configuration list for PBXProject "MVPDesignPattern" */;
			compatibilityVersion = "Xcode 13.0";
			developmentRegion = en;
			hasScannedForEncodings = 0;
			knownRegions = (
				en,
				Base,
			);
			mainGroup = 389A8F5227C953CE00F98C1D;
			productRefGroup = 389A8F5C27C953CE00F98C1D /* Products */;
			projectDirPath = "";
			projectRoot = "";
			targets = (
				389A8F5A27C953CE00F98C1D /* MVPDesignPattern */,
			);
		};
/* End PBXProject section */

/* Begin PBXResourcesBuildPhase section */
		389A8F5927C953CE00F98C1D /* Resources */ = {
			isa = PBXResourcesBuildPhase;
			buildActionMask = 2147483647;
			files = (
				389A8F6B27C953D000F98C1D /* LaunchScreen.storyboard in Resources */,
				389A8F6827C953D000F98C1D /* Assets.xcassets in Resources */,
				389A8F6627C953CE00F98C1D /* Main.storyboard in Resources */,
			);
			runOnlyForDeploymentPostprocessing = 0;
		};
/* End PBXResourcesBuildPhase section */

/* Begin PBXSourcesBuildPhase section */
		389A8F5727C953CE00F98C1D /* Sources */ = {
			isa = PBXSourcesBuildPhase;
			buildActionMask = 2147483647;
			files = (
				389A8F6327C953CE00F98C1D /* UsersViewController.swift in Sources */,
				389A8F5F27C953CE00F98C1D /* AppDelegate.swift in Sources */,
				389A8F7827C9550D00F98C1D /* Presenter.swift in Sources */,
				389A8F7A27C955F700F98C1D /* User.swift in Sources */,
				389A8F6127C953CE00F98C1D /* SceneDelegate.swift in Sources */,
			);
			runOnlyForDeploymentPostprocessing = 0;
		};
/* End PBXSourcesBuildPhase section */

/* Begin PBXVariantGroup section */
		389A8F6427C953CE00F98C1D /* Main.storyboard */ = {
			isa = PBXVariantGroup;
			children = (
				389A8F6527C953CE00F98C1D /* Base */,
			);
			name = Main.storyboard;
			sourceTree = "<group>";
		};
		389A8F6927C953D000F98C1D /* LaunchScreen.storyboard */ = {
			isa = PBXVariantGroup;
			children = (
				389A8F6A27C953D000F98C1D /* Base */,
			);
			name = LaunchScreen.storyboard;
			sourceTree = "<group>";
		};
/* End PBXVariantGroup section */

/* Begin XCBuildConfiguration section */
		389A8F6D27C953D000F98C1D /* Debug */ = {
			isa = XCBuildConfiguration;
			buildSettings = {
				ALWAYS_SEARCH_USER_PATHS = NO;
				CLANG_ANALYZER_NONNULL = YES;
				CLANG_ANALYZER_NUMBER_OBJECT_CONVERSION = YES_AGGRESSIVE;
				CLANG_CXX_LANGUAGE_STANDARD = "gnu++17";
				CLANG_CXX_LIBRARY = "libc++";
				CLANG_ENABLE_MODULES = YES;
				CLANG_ENABLE_OBJC_ARC = YES;
				CLANG_ENABLE_OBJC_WEAK = YES;
				CLANG_WARN_BLOCK_CAPTURE_AUTORELEASING = YES;
				CLANG_WARN_BOOL_CONVERSION = YES;
				CLANG_WARN_COMMA = YES;
				CLANG_WARN_CONSTANT_CONVERSION = YES;
				CLANG_WARN_DEPRECATED_OBJC_IMPLEMENTATIONS = YES;
				CLANG_WARN_DIRECT_OBJC_ISA_USAGE = YES_ERROR;
				CLANG_WARN_DOCUMENTATION_COMMENTS = YES;
				CLANG_WARN_EMPTY_BODY = YES;
				CLANG_WARN_ENUM_CONVERSION = YES;
				CLANG_WARN_INFINITE_RECURSION = YES;
				CLANG_WARN_INT_CONVERSION = YES;
				CLANG_WARN_NON_LITERAL_NULL_CONVERSION = YES;
				CLANG_WARN_OBJC_IMPLICIT_RETAIN_SELF = YES;
				CLANG_WARN_OBJC_LITERAL_CONVERSION = YES;
				CLANG_WARN_OBJC_ROOT_CLASS = YES_ERROR;
				CLANG_WARN_QUOTED_INCLUDE_IN_FRAMEWORK_HEADER = YES;
				CLANG_WARN_RANGE_LOOP_ANALYSIS = YES;
				CLANG_WARN_STRICT_PROTOTYPES = YES;
				CLANG_WARN_SUSPICIOUS_MOVE = YES;
				CLANG_WARN_UNGUARDED_AVAILABILITY = YES_AGGRESSIVE;
				CLANG_WARN_UNREACHABLE_CODE = YES;
				CLANG_WARN__DUPLICATE_METHOD_MATCH = YES;
				COPY_PHASE_STRIP = NO;
				DEBUG_INFORMATION_FORMAT = dwarf;
				ENABLE_STRICT_OBJC_MSGSEND = YES;
				ENABLE_TESTABILITY = YES;
				GCC_C_LANGUAGE_STANDARD = gnu11;
				GCC_DYNAMIC_NO_PIC = NO;
				GCC_NO_COMMON_BLOCKS = YES;
				GCC_OPTIMIZATION_LEVEL = 0;
				GCC_PREPROCESSOR_DEFINITIONS = (
					"DEBUG=1",
					"$(inherited)",
				);
				GCC_WARN_64_TO_32_BIT_CONVERSION = YES;
				GCC_WARN_ABOUT_RETURN_TYPE = YES_ERROR;
				GCC_WARN_UNDECLARED_SELECTOR = YES;
				GCC_WARN_UNINITIALIZED_AUTOS = YES_AGGRESSIVE;
				GCC_WARN_UNUSED_FUNCTION = YES;
				GCC_WARN_UNUSED_VARIABLE = YES;
				IPHONEOS_DEPLOYMENT_TARGET = 14.1;
				MTL_ENABLE_DEBUG_INFO = INCLUDE_SOURCE;
				MTL_FAST_MATH = YES;
				ONLY_ACTIVE_ARCH = YES;
				SDKROOT = iphoneos;
				SWIFT_ACTIVE_COMPILATION_CONDITIONS = DEBUG;
				SWIFT_OPTIMIZATION_LEVEL = "-Onone";
			};
			name = Debug;
		};
		389A8F6E27C953D000F98C1D /* Release */ = {
			isa = XCBuildConfiguration;
			buildSettings = {
				ALWAYS_SEARCH_USER_PATHS = NO;
				CLANG_ANALYZER_NONNULL = YES;
				CLANG_ANALYZER_NUMBER_OBJECT_CONVERSION = YES_AGGRESSIVE;
				CLANG_CXX_LANGUAGE_STANDARD = "gnu++17";
				CLANG_CXX_LIBRARY = "libc++";
				CLANG_ENABLE_MODULES = YES;
				CLANG_ENABLE_OBJC_ARC = YES;
				CLANG_ENABLE_OBJC_WEAK = YES;
				CLANG_WARN_BLOCK_CAPTURE_AUTORELEASING = YES;
				CLANG_WARN_BOOL_CONVERSION = YES;
				CLANG_WARN_COMMA = YES;
				CLANG_WARN_CONSTANT_CONVERSION = YES;
				CLANG_WARN_DEPRECATED_OBJC_IMPLEMENTATIONS = YES;
				CLANG_WARN_DIRECT_OBJC_ISA_USAGE = YES_ERROR;
				CLANG_WARN_DOCUMENTATION_COMMENTS = YES;
				CLANG_WARN_EMPTY_BODY = YES;
				CLANG_WARN_ENUM_CONVERSION = YES;
				CLANG_WARN_INFINITE_RECURSION = YES;
				CLANG_WARN_INT_CONVERSION = YES;
				CLANG_WARN_NON_LITERAL_NULL_CONVERSION = YES;
				CLANG_WARN_OBJC_IMPLICIT_RETAIN_SELF = YES;
				CLANG_WARN_OBJC_LITERAL_CONVERSION = YES;
				CLANG_WARN_OBJC_ROOT_CLASS = YES_ERROR;
				CLANG_WARN_QUOTED_INCLUDE_IN_FRAMEWORK_HEADER = YES;
				CLANG_WARN_RANGE_LOOP_ANALYSIS = YES;
				CLANG_WARN_STRICT_PROTOTYPES = YES;
				CLANG_WARN_SUSPICIOUS_MOVE = YES;
				CLANG_WARN_UNGUARDED_AVAILABILITY = YES_AGGRESSIVE;
				CLANG_WARN_UNREACHABLE_CODE = YES;
				CLANG_WARN__DUPLICATE_METHOD_MATCH = YES;
				COPY_PHASE_STRIP = NO;
				DEBUG_INFORMATION_FORMAT = "dwarf-with-dsym";
				ENABLE_NS_ASSERTIONS = NO;
				ENABLE_STRICT_OBJC_MSGSEND = YES;
				GCC_C_LANGUAGE_STANDARD = gnu11;
				GCC_NO_COMMON_BLOCKS = YES;
				GCC_WARN_64_TO_32_BIT_CONVERSION = YES;
				GCC_WARN_ABOUT_RETURN_TYPE = YES_ERROR;
				GCC_WARN_UNDECLARED_SELECTOR = YES;
				GCC_WARN_UNINITIALIZED_AUTOS = YES_AGGRESSIVE;
				GCC_WARN_UNUSED_FUNCTION = YES;
				GCC_WARN_UNUSED_VARIABLE = YES;
				IPHONEOS_DEPLOYMENT_TARGET = 14.1;
				MTL_ENABLE_DEBUG_INFO = NO;
				MTL_FAST_MATH = YES;
				SDKROOT = iphoneos;
				SWIFT_COMPILATION_MODE = wholemodule;
				SWIFT_OPTIMIZATION_LEVEL = "-O";
				VALIDATE_PRODUCT = YES;
			};
			name = Release;
		};
		389A8F7027C953D000F98C1D /* Debug */ = {
			isa = XCBuildConfiguration;
			buildSettings = {
				ASSETCATALOG_COMPILER_APPICON_NAME = AppIcon;
				ASSETCATALOG_COMPILER_GLOBAL_ACCENT_COLOR_NAME = AccentColor;
				CODE_SIGN_STYLE = Automatic;
				CURRENT_PROJECT_VERSION = 1;
				DEVELOPMENT_TEAM = 3RPV8PKBRA;
				GENERATE_INFOPLIST_FILE = YES;
				INFOPLIST_FILE = MVPDesignPattern/Info.plist;
				INFOPLIST_KEY_UIApplicationSupportsIndirectInputEvents = YES;
				INFOPLIST_KEY_UILaunchStoryboardName = LaunchScreen;
				INFOPLIST_KEY_UIMainStoryboardFile = Main;
				INFOPLIST_KEY_UISupportedInterfaceOrientations = UIInterfaceOrientationPortrait;
				INFOPLIST_KEY_UISupportedInterfaceOrientations_iPad = "UIInterfaceOrientationPortrait UIInterfaceOrientationPortraitUpsideDown UIInterfaceOrientationLandscapeLeft UIInterfaceOrientationLandscapeRight";
				INFOPLIST_KEY_UISupportedInterfaceOrientations_iPhone = "UIInterfaceOrientationPortrait UIInterfaceOrientationLandscapeLeft UIInterfaceOrientationLandscapeRight";
				LD_RUNPATH_SEARCH_PATHS = (
					"$(inherited)",
					"@executable_path/Frameworks",
				);
				MARKETING_VERSION = 1.0;
				PRODUCT_BUNDLE_IDENTIFIER = com.aaryaman.MVPDesignPattern;
				PRODUCT_NAME = "$(TARGET_NAME)";
				SWIFT_EMIT_LOC_STRINGS = YES;
				SWIFT_VERSION = 5.0;
				TARGETED_DEVICE_FAMILY = 1;
			};
			name = Debug;
		};
		389A8F7127C953D000F98C1D /* Release */ = {
			isa = XCBuildConfiguration;
			buildSettings = {
				ASSETCATALOG_COMPILER_APPICON_NAME = AppIcon;
				ASSETCATALOG_COMPILER_GLOBAL_ACCENT_COLOR_NAME = AccentColor;
				CODE_SIGN_STYLE = Automatic;
				CURRENT_PROJECT_VERSION = 1;
				DEVELOPMENT_TEAM = 3RPV8PKBRA;
				GENERATE_INFOPLIST_FILE = YES;
				INFOPLIST_FILE = MVPDesignPattern/Info.plist;
				INFOPLIST_KEY_UIApplicationSupportsIndirectInputEvents = YES;
				INFOPLIST_KEY_UILaunchStoryboardName = LaunchScreen;
				INFOPLIST_KEY_UIMainStoryboardFile = Main;
				INFOPLIST_KEY_UISupportedInterfaceOrientations = UIInterfaceOrientationPortrait;
				INFOPLIST_KEY_UISupportedInterfaceOrientations_iPad = "UIInterfaceOrientationPortrait UIInterfaceOrientationPortraitUpsideDown UIInterfaceOrientationLandscapeLeft UIInterfaceOrientationLandscapeRight";
				INFOPLIST_KEY_UISupportedInterfaceOrientations_iPhone = "UIInterfaceOrientationPortrait UIInterfaceOrientationLandscapeLeft UIInterfaceOrientationLandscapeRight";
				LD_RUNPATH_SEARCH_PATHS = (
					"$(inherited)",
					"@executable_path/Frameworks",
				);
				MARKETING_VERSION = 1.0;
				PRODUCT_BUNDLE_IDENTIFIER = com.aaryaman.MVPDesignPattern;
				PRODUCT_NAME = "$(TARGET_NAME)";
				SWIFT_EMIT_LOC_STRINGS = YES;
				SWIFT_VERSION = 5.0;
				TARGETED_DEVICE_FAMILY = 1;
			};
			name = Release;
		};
/* End XCBuildConfiguration section */

/* Begin XCConfigurationList section */
		389A8F5627C953CE00F98C1D /* Build configuration list for PBXProject "MVPDesignPattern" */ = {
			isa = XCConfigurationList;
			buildConfigurations = (
				389A8F6D27C953D000F98C1D /* Debug */,
				389A8F6E27C953D000F98C1D /* Release */,
			);
			defaultConfigurationIsVisible = 0;
			defaultConfigurationName = Release;
		};
		389A8F6F27C953D000F98C1D /* Build configuration list for PBXNativeTarget "MVPDesignPattern" */ = {
			isa = XCConfigurationList;
			buildConfigurations = (
				389A8F7027C953D000F98C1D /* Debug */,
				389A8F7127C953D000F98C1D /* Release */,
			);
			defaultConfigurationIsVisible = 0;
			defaultConfigurationName = Release;
		};
/* End XCConfigurationList section */
	};
	rootObject = 389A8F5327C953CE00F98C1D /* Project object */;
}
